
Microsoft Visual Studio Solution File, Format Version 12.00
# Visual Studio 14
VisualStudioVersion = 14.0.24720.0
MinimumVisualStudioVersion = 10.0.40219.1
Project("{FAE04EC0-301F-11D3-BF4B-00C04F79EFBC}") = "ShopCore.DomainModel", "ShopCore.DomainModel\ShopCore.DomainModel.csproj", "{9E4869A4-A794-424B-9309-B1D2E2D77399}"
EndProject
Project("{FAE04EC0-301F-11D3-BF4B-00C04F79EFBC}") = "ShopCore.Services", "ShopCore.Services\ShopCore.Services.csproj", "{B2B0B92B-7AC4-49BB-A207-44FD9CCBE07F}"
EndProject
Project("{FAE04EC0-301F-11D3-BF4B-00C04F79EFBC}") = "ShopCore.Common", "ShopCore.Common\ShopCore.Common.csproj", "{DFBEF70E-859F-4567-9297-5168727F050D}"
EndProject
Project("{FAE04EC0-301F-11D3-BF4B-00C04F79EFBC}") = "ShopCore.MssqlProvider", "ShopCore.DataAccess.MssqlProvider\ShopCore.MssqlProvider.csproj", "{BB36F59D-3F3C-4594-944C-A0D271591A97}"
EndProject
Project("{FAE04EC0-301F-11D3-BF4B-00C04F79EFBC}") = "ShopCore.Web", "ShopCore.Web\ShopCore.Web.csproj", "{E98F82DE-365C-4C11-AC3F-A7CA6A38CC77}"
EndProject
Project("{FAE04EC0-301F-11D3-BF4B-00C04F79EFBC}") = "ShopCore.DataAccess.Interfaces", "ShopCore.DataAccess.Interfaces\ShopCore.DataAccess.Interfaces.csproj", "{06204C03-41A1-4567-8EDD-88AE0FC4391B}"
EndProject
Global
	GlobalSection(SolutionConfigurationPlatforms) = preSolution
		Debug|Any CPU = Debug|Any CPU
		Release|Any CPU = Release|Any CPU
	EndGlobalSection
	GlobalSection(ProjectConfigurationPlatforms) = postSolution
		{9E4869A4-A794-424B-9309-B1D2E2D77399}.Debug|Any CPU.ActiveCfg = Debug|Any CPU
		{9E4869A4-A794-424B-9309-B1D2E2D77399}.Debug|Any CPU.Build.0 = Debug|Any CPU
		{9E4869A4-A794-424B-9309-B1D2E2D77399}.Release|Any CPU.ActiveCfg = Release|Any CPU
		{9E4869A4-A794-424B-9309-B1D2E2D77399}.Release|Any CPU.Build.0 = Release|Any CPU
		{B2B0B92B-7AC4-49BB-A207-44FD9CCBE07F}.Debug|Any CPU.ActiveCfg = Debug|Any CPU
		{B2B0B92B-7AC4-49BB-A207-44FD9CCBE07F}.Debug|Any CPU.Build.0 = Debug|Any CPU
		{B2B0B92B-7AC4-49BB-A207-44FD9CCBE07F}.Release|Any CPU.ActiveCfg = Release|Any CPU
		{B2B0B92B-7AC4-49BB-A207-44FD9CCBE07F}.Release|Any CPU.Build.0 = Release|Any CPU
		{DFBEF70E-859F-4567-9297-5168727F050D}.Debug|Any CPU.ActiveCfg = Debug|Any CPU
		{DFBEF70E-859F-4567-9297-5168727F050D}.Debug|Any CPU.Build.0 = Debug|Any CPU
		{DFBEF70E-859F-4567-9297-5168727F050D}.Release|Any CPU.ActiveCfg = Release|Any CPU
		{DFBEF70E-859F-4567-9297-5168727F050D}.Release|Any CPU.Build.0 = Release|Any CPU
		{BB36F59D-3F3C-4594-944C-A0D271591A97}.Debug|Any CPU.ActiveCfg = Debug|Any CPU
		{BB36F59D-3F3C-4594-944C-A0D271591A97}.Debug|Any CPU.Build.0 = Debug|Any CPU
		{BB36F59D-3F3C-4594-944C-A0D271591A97}.Release|Any CPU.ActiveCfg = Release|Any CPU
		{BB36F59D-3F3C-4594-944C-A0D271591A97}.Release|Any CPU.Build.0 = Release|Any CPU
		{E98F82DE-365C-4C11-AC3F-A7CA6A38CC77}.Debug|Any CPU.ActiveCfg = Debug|Any CPU
		{E98F82DE-365C-4C11-AC3F-A7CA6A38CC77}.Debug|Any CPU.Build.0 = Debug|Any CPU
		{E98F82DE-365C-4C11-AC3F-A7CA6A38CC77}.Release|Any CPU.ActiveCfg = Release|Any CPU
		{E98F82DE-365C-4C11-AC3F-A7CA6A38CC77}.Release|Any CPU.Build.0 = Release|Any CPU
		{06204C03-41A1-4567-8EDD-88AE0FC4391B}.Debug|Any CPU.ActiveCfg = Debug|Any CPU
		{06204C03-41A1-4567-8EDD-88AE0FC4391B}.Debug|Any CPU.Build.0 = Debug|Any CPU
		{06204C03-41A1-4567-8EDD-88AE0FC4391B}.Release|Any CPU.ActiveCfg = Release|Any CPU
		{06204C03-41A1-4567-8EDD-88AE0FC4391B}.Release|Any CPU.Build.0 = Release|Any CPU
	EndGlobalSection
	GlobalSection(SolutionProperties) = preSolution
		HideSolutionNode = FALSE
	EndGlobalSection
EndGlobal
